<?xml version="1.0" encoding="utf-8"?>
<Project ToolsVersion="4.0" xmlns="http://schemas.microsoft.com/developer/msbuild/2003">
  <ItemGroup>
    <ClCompile Include="..\..\src\packet.c" />
    <ClCompile Include="..\..\src\packet_queue.c" />
    <ClCompile Include="..\..\src\trudp.c" />
    <ClCompile Include="..\..\src\trudp_channel.c" />
    <ClCompile Include="..\..\src\trudp_ev.c" />
    <ClCompile Include="..\..\src\trudp_receive_queue.c" />
    <ClCompile Include="..\..\src\trudp_send_queue.c" />
    <ClCompile Include="..\..\src\trudp_stat.c" />
    <ClCompile Include="..\..\src\trudp_utils.c" />
    <ClCompile Include="..\..\src\udp.c" />
    <ClCompile Include="..\..\src\utils.c" />
    <ClCompile Include="..\..\src\write_queue.c" />
  </ItemGroup>
  <ItemGroup>
    <ClInclude Include="..\..\src\packet.h" />
    <ClInclude Include="..\..\src\packet_queue.h" />
    <ClInclude Include="..\..\src\trudp.h" />
    <ClInclude Include="..\..\src\trudp_api.h" />
    <ClInclude Include="..\..\src\trudp_channel.h" />
    <ClInclude Include="..\..\src\trudp_const.h" />
    <ClInclude Include="..\..\src\trudp_ev.h" />
    <ClInclude Include="..\..\src\trudp_receive_queue.h" />
    <ClInclude Include="..\..\src\trudp_send_queue.h" />
    <ClInclude Include="..\..\src\trudp_stat.h" />
    <ClInclude Include="..\..\src\trudp_utils.h" />
    <ClInclude Include="..\..\src\udp.h" />
    <ClInclude Include="..\..\src\utils.h" />
    <ClInclude Include="..\..\src\utils_r.h" />
    <ClInclude Include="..\..\src\write_queue.h" />
  </ItemGroup>
</Project>