
Microsoft Visual Studio Solution File, Format Version 12.00
# Visual Studio Version 16
VisualStudioVersion = 16.0.29806.167
MinimumVisualStudioVersion = 10.0.40219.1
Project("{8BC9CEB8-8B4A-11D0-8D11-00A0C91BC942}") = "trudp-static", "trudp-static\trudp-static.vcxproj", "{D8A989A0-08F5-49D7-9AD3-BD2C9E7E0147}"
EndProject
Project("{8BC9CEB8-8B4A-11D0-8D11-00A0C91BC942}") = "trudp-dynamic", "trudp-dynamic\trudp-dynamic.vcxproj", "{1094FB2E-1F26-4DB2-B204-1A0C4ED472F6}"
EndProject
Project("{8BC9CEB8-8B4A-11D0-8D11-00A0C91BC942}") = "trudp-test-static", "trudp-test-static\trudp-test-static.vcxproj", "{8ECF9DD8-665F-4CEC-B2BD-38D24FEA6013}"
EndProject
Global
	GlobalSection(SolutionConfigurationPlatforms) = preSolution
		Debug|x64 = Debug|x64
		Debug|x86 = Debug|x86
		Release|x64 = Release|x64
		Release|x86 = Release|x86
	EndGlobalSection
	GlobalSection(ProjectConfigurationPlatforms) = postSolution
		{D8A989A0-08F5-49D7-9AD3-BD2C9E7E0147}.Debug|x64.ActiveCfg = Debug|x64
		{D8A989A0-08F5-49D7-9AD3-BD2C9E7E0147}.Debug|x64.Build.0 = Debug|x64
		{D8A989A0-08F5-49D7-9AD3-BD2C9E7E0147}.Debug|x86.ActiveCfg = Debug|Win32
		{D8A989A0-08F5-49D7-9AD3-BD2C9E7E0147}.Debug|x86.Build.0 = Debug|Win32
		{D8A989A0-08F5-49D7-9AD3-BD2C9E7E0147}.Release|x64.ActiveCfg = Release|x64
		{D8A989A0-08F5-49D7-9AD3-BD2C9E7E0147}.Release|x64.Build.0 = Release|x64
		{D8A989A0-08F5-49D7-9AD3-BD2C9E7E0147}.Release|x86.ActiveCfg = Release|Win32
		{D8A989A0-08F5-49D7-9AD3-BD2C9E7E0147}.Release|x86.Build.0 = Release|Win32
		{1094FB2E-1F26-4DB2-B204-1A0C4ED472F6}.Debug|x64.ActiveCfg = Debug|x64
		{1094FB2E-1F26-4DB2-B204-1A0C4ED472F6}.Debug|x64.Build.0 = Debug|x64
		{1094FB2E-1F26-4DB2-B204-1A0C4ED472F6}.Debug|x86.ActiveCfg = Debug|Win32
		{1094FB2E-1F26-4DB2-B204-1A0C4ED472F6}.Debug|x86.Build.0 = Debug|Win32
		{1094FB2E-1F26-4DB2-B204-1A0C4ED472F6}.Release|x64.ActiveCfg = Release|x64
		{1094FB2E-1F26-4DB2-B204-1A0C4ED472F6}.Release|x64.Build.0 = Release|x64
		{1094FB2E-1F26-4DB2-B204-1A0C4ED472F6}.Release|x86.ActiveCfg = Release|Win32
		{1094FB2E-1F26-4DB2-B204-1A0C4ED472F6}.Release|x86.Build.0 = Release|Win32
		{8ECF9DD8-665F-4CEC-B2BD-38D24FEA6013}.Debug|x64.ActiveCfg = Debug|x64
		{8ECF9DD8-665F-4CEC-B2BD-38D24FEA6013}.Debug|x64.Build.0 = Debug|x64
		{8ECF9DD8-665F-4CEC-B2BD-38D24FEA6013}.Debug|x86.ActiveCfg = Debug|Win32
		{8ECF9DD8-665F-4CEC-B2BD-38D24FEA6013}.Debug|x86.Build.0 = Debug|Win32
		{8ECF9DD8-665F-4CEC-B2BD-38D24FEA6013}.Release|x64.ActiveCfg = Release|x64
		{8ECF9DD8-665F-4CEC-B2BD-38D24FEA6013}.Release|x64.Build.0 = Release|x64
		{8ECF9DD8-665F-4CEC-B2BD-38D24FEA6013}.Release|x86.ActiveCfg = Release|Win32
		{8ECF9DD8-665F-4CEC-B2BD-38D24FEA6013}.Release|x86.Build.0 = Release|Win32
	EndGlobalSection
	GlobalSection(SolutionProperties) = preSolution
		HideSolutionNode = FALSE
	EndGlobalSection
	GlobalSection(ExtensibilityGlobals) = postSolution
		SolutionGuid = {87D61CC1-97E6-4B63-9058-1F0394AC48F3}
	EndGlobalSection
EndGlobal
